// !$*UTF8*$!
{
	archiveVersion = 1;
	classes = {
	};
	objectVersion = 56;
	objects = {

/* Begin PBXBuildFile section */
		79B322F318A5BE18BDD10162 /* Pods_bettertouch4mac.framework in Frameworks */ = {isa = PBXBuildFile; fileRef = 97D780042CD0FA7300C90E47 /* Pods_bettertouch4mac.framework */; };
		97DC8DBB2CB679A10025B0CB /* main.m in Sources */ = {isa = PBXBuildFile; fileRef = 97DC8DBA2CB679A10025B0CB /* main.m */; };
/* End PBXBuildFile section */

/* Begin PBXCopyFilesBuildPhase section */
		97DC8DB52CB679A10025B0CB /* CopyFiles */ = {
			isa = PBXCopyFilesBuildPhase;
			buildActionMask = 2147483647;
			dstPath = /usr/share/man/man1/;
			dstSubfolderSpec = 0;
			files = (
			);
			runOnlyForDeploymentPostprocessing = 1;
		};
/* End PBXCopyFilesBuildPhase section */

/* Begin PBXFileReference section */
		1A0C7E3C80B53230A06999D7 /* Pods_bettertouch4mac.framework */ = {isa = PBXFileReference; explicitFileType = wrapper.framework; includeInIndex = 0; path = Pods_bettertouch4mac.framework; sourceTree = BUILT_PRODUCTS_DIR; };
		55EB0DC038AD1FC767E914EF /* Pods-bettertouch4mac.release.xcconfig */ = {isa = PBXFileReference; includeInIndex = 1; lastKnownFileType = text.xcconfig; name = "Pods-bettertouch4mac.release.xcconfig"; path = "Target Support Files/Pods-bettertouch4mac/Pods-bettertouch4mac.release.xcconfig"; sourceTree = "<group>"; };
		97D780002CD0FA2C00C90E47 /* ORSSerial.framework */ = {isa = PBXFileReference; explicitFileType = wrapper.framework; path = ORSSerial.framework; sourceTree = BUILT_PRODUCTS_DIR; };
		97D780042CD0FA7300C90E47 /* Pods_bettertouch4mac.framework */ = {isa = PBXFileReference; explicitFileType = wrapper.framework; path = Pods_bettertouch4mac.framework; sourceTree = BUILT_PRODUCTS_DIR; };
		97DC8DB72CB679A10025B0CB /* bettertouch4mac */ = {isa = PBXFileReference; explicitFileType = "compiled.mach-o.executable"; includeInIndex = 0; path = bettertouch4mac; sourceTree = BUILT_PRODUCTS_DIR; };
		97DC8DBA2CB679A10025B0CB /* main.m */ = {isa = PBXFileReference; lastKnownFileType = sourcecode.c.objc; path = main.m; sourceTree = "<group>"; };
		D25277ACD53B81867E674D29 /* Pods-bettertouch4mac.debug.xcconfig */ = {isa = PBXFileReference; includeInIndex = 1; lastKnownFileType = text.xcconfig; name = "Pods-bettertouch4mac.debug.xcconfig"; path = "Target Support Files/Pods-bettertouch4mac/Pods-bettertouch4mac.debug.xcconfig"; sourceTree = "<group>"; };
/* End PBXFileReference section */

/* Begin PBXFrameworksBuildPhase section */
		97DC8DB42CB679A10025B0CB /* Frameworks */ = {
			isa = PBXFrameworksBuildPhase;
			buildActionMask = 2147483647;
			files = (
				79B322F318A5BE18BDD10162 /* Pods_bettertouch4mac.framework in Frameworks */,
			);
			runOnlyForDeploymentPostprocessing = 0;
		};
/* End PBXFrameworksBuildPhase section */

/* Begin PBXGroup section */
		673A11B33E8446B184DA5B1D /* Pods */ = {
			isa = PBXGroup;
			children = (
				D25277ACD53B81867E674D29 /* Pods-bettertouch4mac.debug.xcconfig */,
				55EB0DC038AD1FC767E914EF /* Pods-bettertouch4mac.release.xcconfig */,
			);
			path = Pods;
			sourceTree = "<group>";
		};
		97DC8DAE2CB679A10025B0CB = {
			isa = PBXGroup;
			children = (
				97DC8DB92CB679A10025B0CB /* bettertouch4mac */,
				97DC8DB82CB679A10025B0CB /* Products */,
				673A11B33E8446B184DA5B1D /* Pods */,
				CC756DBA740E3D861D309A0D /* Frameworks */,
			);
			sourceTree = "<group>";
		};
		97DC8DB82CB679A10025B0CB /* Products */ = {
			isa = PBXGroup;
			children = (
				97DC8DB72CB679A10025B0CB /* bettertouch4mac */,
			);
			name = Products;
			sourceTree = "<group>";
		};
		97DC8DB92CB679A10025B0CB /* bettertouch4mac */ = {
			isa = PBXGroup;
			children = (
				97DC8DBA2CB679A10025B0CB /* main.m */,
			);
			path = bettertouch4mac;
			sourceTree = "<group>";
		};
		CC756DBA740E3D861D309A0D /* Frameworks */ = {
			isa = PBXGroup;
			children = (
				97D780042CD0FA7300C90E47 /* Pods_bettertouch4mac.framework */,
				97D780002CD0FA2C00C90E47 /* ORSSerial.framework */,
				1A0C7E3C80B53230A06999D7 /* Pods_bettertouch4mac.framework */,
			);
			name = Frameworks;
			sourceTree = "<group>";
		};
/* End PBXGroup section */

/* Begin PBXNativeTarget section */
		97DC8DB62CB679A10025B0CB /* bettertouch4mac */ = {
			isa = PBXNativeTarget;
			buildConfigurationList = 97DC8DBE2CB679A10025B0CB /* Build configuration list for PBXNativeTarget "bettertouch4mac" */;
			buildPhases = (
				148E1D55875425E56FBDE0D6 /* [CP] Check Pods Manifest.lock */,
				97DC8DB32CB679A10025B0CB /* Sources */,
				97DC8DB42CB679A10025B0CB /* Frameworks */,
				97DC8DB52CB679A10025B0CB /* CopyFiles */,
			);
			buildRules = (
			);
			dependencies = (
			);
			name = bettertouch4mac;
			productName = bettertouch4mac;
			productReference = 97DC8DB72CB679A10025B0CB /* bettertouch4mac */;
			productType = "com.apple.product-type.tool";
		};
/* End PBXNativeTarget section */

/* Begin PBXProject section */
		97DC8DAF2CB679A10025B0CB /* Project object */ = {
			isa = PBXProject;
			attributes = {
				BuildIndependentTargetsInParallel = 1;
				LastUpgradeCheck = 1410;
				TargetAttributes = {
					97DC8DB62CB679A10025B0CB = {
						CreatedOnToolsVersion = 14.1;
					};
				};
			};
			buildConfigurationList = 97DC8DB22CB679A10025B0CB /* Build configuration list for PBXProject "bettertouch4mac" */;
			compatibilityVersion = "Xcode 14.0";
			developmentRegion = en;
			hasScannedForEncodings = 0;
			knownRegions = (
				en,
				Base,
			);
			mainGroup = 97DC8DAE2CB679A10025B0CB;
			productRefGroup = 97DC8DB82CB679A10025B0CB /* Products */;
			projectDirPath = "";
			projectRoot = "";
			targets = (
				97DC8DB62CB679A10025B0CB /* bettertouch4mac */,
			);
		};
/* End PBXProject section */

/* Begin PBXShellScriptBuildPhase section */
		148E1D55875425E56FBDE0D6 /* [CP] Check Pods Manifest.lock */ = {
			isa = PBXShellScriptBuildPhase;
			buildActionMask = 2147483647;
			files = (
			);
			inputFileListPaths = (
			);
			inputPaths = (
				"${PODS_PODFILE_DIR_PATH}/Podfile.lock",
				"${PODS_ROOT}/Manifest.lock",
			);
			name = "[CP] Check Pods Manifest.lock";
			outputFileListPaths = (
			);
			outputPaths = (
				"$(DERIVED_FILE_DIR)/Pods-bettertouch4mac-checkManifestLockResult.txt",
			);
			runOnlyForDeploymentPostprocessing = 0;
			shellPath = /bin/sh;
			shellScript = "diff \"${PODS_PODFILE_DIR_PATH}/Podfile.lock\" \"${PODS_ROOT}/Manifest.lock\" > /dev/null\nif [ $? != 0 ] ; then\n    # print error to STDERR\n    echo \"error: The sandbox is not in sync with the Podfile.lock. Run 'pod install' or update your CocoaPods installation.\" >&2\n    exit 1\nfi\n# This output is used by Xcode 'outputs' to avoid re-running this script phase.\necho \"SUCCESS\" > \"${SCRIPT_OUTPUT_FILE_0}\"\n";
			showEnvVarsInLog = 0;
		};
/* End PBXShellScriptBuildPhase section */

/* Begin PBXSourcesBuildPhase section */
		97DC8DB32CB679A10025B0CB /* Sources */ = {
			isa = PBXSourcesBuildPhase;
			buildActionMask = 2147483647;
			files = (
				97DC8DBB2CB679A10025B0CB /* main.m in Sources */,
			);
			runOnlyForDeploymentPostprocessing = 0;
		};
/* End PBXSourcesBuildPhase section */

/* Begin XCBuildConfiguration section */
		97DC8DBC2CB679A10025B0CB /* Debug */ = {
			isa = XCBuildConfiguration;
			buildSettings = {
				ALWAYS_SEARCH_USER_PATHS = NO;
				CLANG_ANALYZER_NONNULL = YES;
				CLANG_ANALYZER_NUMBER_OBJECT_CONVERSION = YES_AGGRESSIVE;
				CLANG_CXX_LANGUAGE_STANDARD = "gnu++20";
				CLANG_ENABLE_MODULES = YES;
				CLANG_ENABLE_OBJC_ARC = YES;
				CLANG_ENABLE_OBJC_WEAK = YES;
				CLANG_WARN_BLOCK_CAPTURE_AUTORELEASING = YES;
				CLANG_WARN_BOOL_CONVERSION = YES;
				CLANG_WARN_COMMA = YES;
				CLANG_WARN_CONSTANT_CONVERSION = YES;
				CLANG_WARN_DEPRECATED_OBJC_IMPLEMENTATIONS = YES;
				CLANG_WARN_DIRECT_OBJC_ISA_USAGE = YES_ERROR;
				CLANG_WARN_DOCUMENTATION_COMMENTS = YES;
				CLANG_WARN_EMPTY_BODY = YES;
				CLANG_WARN_ENUM_CONVERSION = YES;
				CLANG_WARN_INFINITE_RECURSION = YES;
				CLANG_WARN_INT_CONVERSION = YES;
				CLANG_WARN_NON_LITERAL_NULL_CONVERSION = YES;
				CLANG_WARN_OBJC_IMPLICIT_RETAIN_SELF = YES;
				CLANG_WARN_OBJC_LITERAL_CONVERSION = YES;
				CLANG_WARN_OBJC_ROOT_CLASS = YES_ERROR;
				CLANG_WARN_QUOTED_INCLUDE_IN_FRAMEWORK_HEADER = YES;
				CLANG_WARN_RANGE_LOOP_ANALYSIS = YES;
				CLANG_WARN_STRICT_PROTOTYPES = YES;
				CLANG_WARN_SUSPICIOUS_MOVE = YES;
				CLANG_WARN_UNGUARDED_AVAILABILITY = YES_AGGRESSIVE;
				CLANG_WARN_UNREACHABLE_CODE = YES;
				CLANG_WARN__DUPLICATE_METHOD_MATCH = YES;
				COPY_PHASE_STRIP = NO;
				DEBUG_INFORMATION_FORMAT = dwarf;
				ENABLE_STRICT_OBJC_MSGSEND = YES;
				ENABLE_TESTABILITY = YES;
				GCC_C_LANGUAGE_STANDARD = gnu11;
				GCC_DYNAMIC_NO_PIC = NO;
				GCC_NO_COMMON_BLOCKS = YES;
				GCC_OPTIMIZATION_LEVEL = 0;
				GCC_PREPROCESSOR_DEFINITIONS = (
					"DEBUG=1",
					"$(inherited)",
				);
				GCC_WARN_64_TO_32_BIT_CONVERSION = YES;
				GCC_WARN_ABOUT_RETURN_TYPE = YES_ERROR;
				GCC_WARN_UNDECLARED_SELECTOR = YES;
				GCC_WARN_UNINITIALIZED_AUTOS = YES_AGGRESSIVE;
				GCC_WARN_UNUSED_FUNCTION = YES;
				GCC_WARN_UNUSED_VARIABLE = YES;
				MACOSX_DEPLOYMENT_TARGET = 13.0;
				MTL_ENABLE_DEBUG_INFO = INCLUDE_SOURCE;
				MTL_FAST_MATH = YES;
				ONLY_ACTIVE_ARCH = YES;
				SDKROOT = macosx;
			};
			name = Debug;
		};
		97DC8DBD2CB679A10025B0CB /* Release */ = {
			isa = XCBuildConfiguration;
			buildSettings = {
				ALWAYS_SEARCH_USER_PATHS = NO;
				CLANG_ANALYZER_NONNULL = YES;
				CLANG_ANALYZER_NUMBER_OBJECT_CONVERSION = YES_AGGRESSIVE;
				CLANG_CXX_LANGUAGE_STANDARD = "gnu++20";
				CLANG_ENABLE_MODULES = YES;
				CLANG_ENABLE_OBJC_ARC = YES;
				CLANG_ENABLE_OBJC_WEAK = YES;
				CLANG_WARN_BLOCK_CAPTURE_AUTORELEASING = YES;
				CLANG_WARN_BOOL_CONVERSION = YES;
				CLANG_WARN_COMMA = YES;
				CLANG_WARN_CONSTANT_CONVERSION = YES;
				CLANG_WARN_DEPRECATED_OBJC_IMPLEMENTATIONS = YES;
				CLANG_WARN_DIRECT_OBJC_ISA_USAGE = YES_ERROR;
				CLANG_WARN_DOCUMENTATION_COMMENTS = YES;
				CLANG_WARN_EMPTY_BODY = YES;
				CLANG_WARN_ENUM_CONVERSION = YES;
				CLANG_WARN_INFINITE_RECURSION = YES;
				CLANG_WARN_INT_CONVERSION = YES;
				CLANG_WARN_NON_LITERAL_NULL_CONVERSION = YES;
				CLANG_WARN_OBJC_IMPLICIT_RETAIN_SELF = YES;
				CLANG_WARN_OBJC_LITERAL_CONVERSION = YES;
				CLANG_WARN_OBJC_ROOT_CLASS = YES_ERROR;
				CLANG_WARN_QUOTED_INCLUDE_IN_FRAMEWORK_HEADER = YES;
				CLANG_WARN_RANGE_LOOP_ANALYSIS = YES;
				CLANG_WARN_STRICT_PROTOTYPES = YES;
				CLANG_WARN_SUSPICIOUS_MOVE = YES;
				CLANG_WARN_UNGUARDED_AVAILABILITY = YES_AGGRESSIVE;
				CLANG_WARN_UNREACHABLE_CODE = YES;
				CLANG_WARN__DUPLICATE_METHOD_MATCH = YES;
				COPY_PHASE_STRIP = NO;
				DEBUG_INFORMATION_FORMAT = "dwarf-with-dsym";
				ENABLE_NS_ASSERTIONS = NO;
				ENABLE_STRICT_OBJC_MSGSEND = YES;
				GCC_C_LANGUAGE_STANDARD = gnu11;
				GCC_NO_COMMON_BLOCKS = YES;
				GCC_WARN_64_TO_32_BIT_CONVERSION = YES;
				GCC_WARN_ABOUT_RETURN_TYPE = YES_ERROR;
				GCC_WARN_UNDECLARED_SELECTOR = YES;
				GCC_WARN_UNINITIALIZED_AUTOS = YES_AGGRESSIVE;
				GCC_WARN_UNUSED_FUNCTION = YES;
				GCC_WARN_UNUSED_VARIABLE = YES;
				MACOSX_DEPLOYMENT_TARGET = 13.0;
				MTL_ENABLE_DEBUG_INFO = NO;
				MTL_FAST_MATH = YES;
				SDKROOT = macosx;
			};
			name = Release;
		};
		97DC8DBF2CB679A10025B0CB /* Debug */ = {
			isa = XCBuildConfiguration;
			baseConfigurationReference = D25277ACD53B81867E674D29 /* Pods-bettertouch4mac.debug.xcconfig */;
			buildSettings = {
				CODE_SIGN_STYLE = Automatic;
				PRODUCT_NAME = "$(TARGET_NAME)";
			};
			name = Debug;
		};
		97DC8DC02CB679A10025B0CB /* Release */ = {
			isa = XCBuildConfiguration;
			baseConfigurationReference = 55EB0DC038AD1FC767E914EF /* Pods-bettertouch4mac.release.xcconfig */;
			buildSettings = {
				CODE_SIGN_STYLE = Automatic;
				PRODUCT_NAME = "$(TARGET_NAME)";
			};
			name = Release;
		};
/* End XCBuildConfiguration section */

/* Begin XCConfigurationList section */
		97DC8DB22CB679A10025B0CB /* Build configuration list for PBXProject "bettertouch4mac" */ = {
			isa = XCConfigurationList;
			buildConfigurations = (
				97DC8DBC2CB679A10025B0CB /* Debug */,
				97DC8DBD2CB679A10025B0CB /* Release */,
			);
			defaultConfigurationIsVisible = 0;
			defaultConfigurationName = Release;
		};
		97DC8DBE2CB679A10025B0CB /* Build configuration list for PBXNativeTarget "bettertouch4mac" */ = {
			isa = XCConfigurationList;
			buildConfigurations = (
				97DC8DBF2CB679A10025B0CB /* Debug */,
				97DC8DC02CB679A10025B0CB /* Release */,
			);
			defaultConfigurationIsVisible = 0;
			defaultConfigurationName = Release;
		};
/* End XCConfigurationList section */
	};
	rootObject = 97DC8DAF2CB679A10025B0CB /* Project object */;
}
